// !$*UTF8*$!
{
	archiveVersion = 1;
	classes = {
	};
	objectVersion = 46;
	objects = {

/* Begin PBXBuildFile section */
		1800F4AF1DAF3207001E61CA /* AppDelegate.swift in Sources */ = {isa = PBXBuildFile; fileRef = 1800F4AE1DAF3207001E61CA /* AppDelegate.swift */; };
		1800F4B11DAF3207001E61CA /* ViewController.swift in Sources */ = {isa = PBXBuildFile; fileRef = 1800F4B01DAF3207001E61CA /* ViewController.swift */; };
		1800F4B41DAF3207001E61CA /* Main.storyboard in Resources */ = {isa = PBXBuildFile; fileRef = 1800F4B21DAF3207001E61CA /* Main.storyboard */; };
		1800F4B61DAF3207001E61CA /* Assets.xcassets in Resources */ = {isa = PBXBuildFile; fileRef = 1800F4B51DAF3207001E61CA /* Assets.xcassets */; };
		1800F4B91DAF3207001E61CA /* LaunchScreen.storyboard in Resources */ = {isa = PBXBuildFile; fileRef = 1800F4B71DAF3207001E61CA /* LaunchScreen.storyboard */; };
		1800F4C41DAF3208001E61CA /* RxSampleTests.swift in Sources */ = {isa = PBXBuildFile; fileRef = 1800F4C31DAF3208001E61CA /* RxSampleTests.swift */; };
		1800F4CF1DAF3208001E61CA /* RxSampleUITests.swift in Sources */ = {isa = PBXBuildFile; fileRef = 1800F4CE1DAF3208001E61CA /* RxSampleUITests.swift */; };
		1800F4DF1DAF34D5001E61CA /* API.swift in Sources */ = {isa = PBXBuildFile; fileRef = 1800F4DE1DAF34D5001E61CA /* API.swift */; };
		1800F4E11DAF363A001E61CA /* Bootstrap.swift in Sources */ = {isa = PBXBuildFile; fileRef = 1800F4E01DAF363A001E61CA /* Bootstrap.swift */; };
		18DB924B1DAF4044005B7EAD /* RepoCell.swift in Sources */ = {isa = PBXBuildFile; fileRef = 18DB924A1DAF4044005B7EAD /* RepoCell.swift */; };
		18DB924E1DAF4233005B7EAD /* Repo.swift in Sources */ = {isa = PBXBuildFile; fileRef = 18DB924D1DAF4233005B7EAD /* Repo.swift */; };
		18DB92511DAF4A47005B7EAD /* WebViewViewController.swift in Sources */ = {isa = PBXBuildFile; fileRef = 18DB924F1DAF4A47005B7EAD /* WebViewViewController.swift */; };
		18DB92521DAF4A47005B7EAD /* WebViewViewController.xib in Resources */ = {isa = PBXBuildFile; fileRef = 18DB92501DAF4A47005B7EAD /* WebViewViewController.xib */; };
		6188DAFBC8B73825B9405C05 /* Pods_RxSample.framework in Frameworks */ = {isa = PBXBuildFile; fileRef = 359532BCB6DA5ED9CE548ABA /* Pods_RxSample.framework */; };
		96D230043CB2B16B7C70304B /* Pods_RxSampleUITests.framework in Frameworks */ = {isa = PBXBuildFile; fileRef = 1654ED987F56CB84DEFFD1E9 /* Pods_RxSampleUITests.framework */; };
		ABEBDD286B430EB2C2BED857 /* Pods_RxSampleTests.framework in Frameworks */ = {isa = PBXBuildFile; fileRef = 17C1C7FD135177F3BE1FA441 /* Pods_RxSampleTests.framework */; };
/* End PBXBuildFile section */

/* Begin PBXContainerItemProxy section */
		1800F4C01DAF3208001E61CA /* PBXContainerItemProxy */ = {
			isa = PBXContainerItemProxy;
			containerPortal = 1800F4A31DAF3207001E61CA /* Project object */;
			proxyType = 1;
			remoteGlobalIDString = 1800F4AA1DAF3207001E61CA;
			remoteInfo = RxSample;
		};
		1800F4CB1DAF3208001E61CA /* PBXContainerItemProxy */ = {
			isa = PBXContainerItemProxy;
			containerPortal = 1800F4A31DAF3207001E61CA /* Project object */;
			proxyType = 1;
			remoteGlobalIDString = 1800F4AA1DAF3207001E61CA;
			remoteInfo = RxSample;
		};
/* End PBXContainerItemProxy section */

/* Begin PBXFileReference section */
		1654ED987F56CB84DEFFD1E9 /* Pods_RxSampleUITests.framework */ = {isa = PBXFileReference; explicitFileType = wrapper.framework; includeInIndex = 0; path = Pods_RxSampleUITests.framework; sourceTree = BUILT_PRODUCTS_DIR; };
		17C1C7FD135177F3BE1FA441 /* Pods_RxSampleTests.framework */ = {isa = PBXFileReference; explicitFileType = wrapper.framework; includeInIndex = 0; path = Pods_RxSampleTests.framework; sourceTree = BUILT_PRODUCTS_DIR; };
		1800F4AB1DAF3207001E61CA /* RxSample.app */ = {isa = PBXFileReference; explicitFileType = wrapper.application; includeInIndex = 0; path = RxSample.app; sourceTree = BUILT_PRODUCTS_DIR; };
		1800F4AE1DAF3207001E61CA /* AppDelegate.swift */ = {isa = PBXFileReference; lastKnownFileType = sourcecode.swift; path = AppDelegate.swift; sourceTree = "<group>"; };
		1800F4B01DAF3207001E61CA /* ViewController.swift */ = {isa = PBXFileReference; lastKnownFileType = sourcecode.swift; path = ViewController.swift; sourceTree = "<group>"; };
		1800F4B31DAF3207001E61CA /* Base */ = {isa = PBXFileReference; lastKnownFileType = file.storyboard; name = Base; path = Base.lproj/Main.storyboard; sourceTree = "<group>"; };
		1800F4B51DAF3207001E61CA /* Assets.xcassets */ = {isa = PBXFileReference; lastKnownFileType = folder.assetcatalog; path = Assets.xcassets; sourceTree = "<group>"; };
		1800F4B81DAF3207001E61CA /* Base */ = {isa = PBXFileReference; lastKnownFileType = file.storyboard; name = Base; path = Base.lproj/LaunchScreen.storyboard; sourceTree = "<group>"; };
		1800F4BA1DAF3207001E61CA /* Info.plist */ = {isa = PBXFileReference; lastKnownFileType = text.plist.xml; path = Info.plist; sourceTree = "<group>"; };
		1800F4BF1DAF3208001E61CA /* RxSampleTests.xctest */ = {isa = PBXFileReference; explicitFileType = wrapper.cfbundle; includeInIndex = 0; path = RxSampleTests.xctest; sourceTree = BUILT_PRODUCTS_DIR; };
		1800F4C31DAF3208001E61CA /* RxSampleTests.swift */ = {isa = PBXFileReference; lastKnownFileType = sourcecode.swift; path = RxSampleTests.swift; sourceTree = "<group>"; };
		1800F4C51DAF3208001E61CA /* Info.plist */ = {isa = PBXFileReference; lastKnownFileType = text.plist.xml; path = Info.plist; sourceTree = "<group>"; };
		1800F4CA1DAF3208001E61CA /* RxSampleUITests.xctest */ = {isa = PBXFileReference; explicitFileType = wrapper.cfbundle; includeInIndex = 0; path = RxSampleUITests.xctest; sourceTree = BUILT_PRODUCTS_DIR; };
		1800F4CE1DAF3208001E61CA /* RxSampleUITests.swift */ = {isa = PBXFileReference; lastKnownFileType = sourcecode.swift; path = RxSampleUITests.swift; sourceTree = "<group>"; };
		1800F4D01DAF3208001E61CA /* Info.plist */ = {isa = PBXFileReference; lastKnownFileType = text.plist.xml; path = Info.plist; sourceTree = "<group>"; };
		1800F4DE1DAF34D5001E61CA /* API.swift */ = {isa = PBXFileReference; fileEncoding = 4; lastKnownFileType = sourcecode.swift; path = API.swift; sourceTree = "<group>"; };
		1800F4E01DAF363A001E61CA /* Bootstrap.swift */ = {isa = PBXFileReference; fileEncoding = 4; lastKnownFileType = sourcecode.swift; path = Bootstrap.swift; sourceTree = "<group>"; };
		18DB924A1DAF4044005B7EAD /* RepoCell.swift */ = {isa = PBXFileReference; fileEncoding = 4; lastKnownFileType = sourcecode.swift; path = RepoCell.swift; sourceTree = "<group>"; };
		18DB924D1DAF4233005B7EAD /* Repo.swift */ = {isa = PBXFileReference; fileEncoding = 4; lastKnownFileType = sourcecode.swift; path = Repo.swift; sourceTree = "<group>"; };
		18DB924F1DAF4A47005B7EAD /* WebViewViewController.swift */ = {isa = PBXFileReference; fileEncoding = 4; lastKnownFileType = sourcecode.swift; path = WebViewViewController.swift; sourceTree = "<group>"; };
		18DB92501DAF4A47005B7EAD /* WebViewViewController.xib */ = {isa = PBXFileReference; fileEncoding = 4; lastKnownFileType = file.xib; path = WebViewViewController.xib; sourceTree = "<group>"; };
		359532BCB6DA5ED9CE548ABA /* Pods_RxSample.framework */ = {isa = PBXFileReference; explicitFileType = wrapper.framework; includeInIndex = 0; path = Pods_RxSample.framework; sourceTree = BUILT_PRODUCTS_DIR; };
		38C76558BAF225576172C938 /* Pods-RxSampleTests.release.xcconfig */ = {isa = PBXFileReference; includeInIndex = 1; lastKnownFileType = text.xcconfig; name = "Pods-RxSampleTests.release.xcconfig"; path = "Pods/Target Support Files/Pods-RxSampleTests/Pods-RxSampleTests.release.xcconfig"; sourceTree = "<group>"; };
		39F9EAE561C59EA19A5E0BD7 /* Pods-RxSampleUITests.release.xcconfig */ = {isa = PBXFileReference; includeInIndex = 1; lastKnownFileType = text.xcconfig; name = "Pods-RxSampleUITests.release.xcconfig"; path = "Pods/Target Support Files/Pods-RxSampleUITests/Pods-RxSampleUITests.release.xcconfig"; sourceTree = "<group>"; };
		6786C79CF53C28E5D27504F7 /* Pods-RxSample.release.xcconfig */ = {isa = PBXFileReference; includeInIndex = 1; lastKnownFileType = text.xcconfig; name = "Pods-RxSample.release.xcconfig"; path = "Pods/Target Support Files/Pods-RxSample/Pods-RxSample.release.xcconfig"; sourceTree = "<group>"; };
		CE6C4CB1DBAF535FE1D770FA /* Pods-RxSample.debug.xcconfig */ = {isa = PBXFileReference; includeInIndex = 1; lastKnownFileType = text.xcconfig; name = "Pods-RxSample.debug.xcconfig"; path = "Pods/Target Support Files/Pods-RxSample/Pods-RxSample.debug.xcconfig"; sourceTree = "<group>"; };
		D4DB9318B5BB03B010954743 /* Pods-RxSampleUITests.debug.xcconfig */ = {isa = PBXFileReference; includeInIndex = 1; lastKnownFileType = text.xcconfig; name = "Pods-RxSampleUITests.debug.xcconfig"; path = "Pods/Target Support Files/Pods-RxSampleUITests/Pods-RxSampleUITests.debug.xcconfig"; sourceTree = "<group>"; };
		DA1E0E812A364CBA5A28EB87 /* Pods-RxSampleTests.debug.xcconfig */ = {isa = PBXFileReference; includeInIndex = 1; lastKnownFileType = text.xcconfig; name = "Pods-RxSampleTests.debug.xcconfig"; path = "Pods/Target Support Files/Pods-RxSampleTests/Pods-RxSampleTests.debug.xcconfig"; sourceTree = "<group>"; };
/* End PBXFileReference section */

/* Begin PBXFrameworksBuildPhase section */
		1800F4A81DAF3207001E61CA /* Frameworks */ = {
			isa = PBXFrameworksBuildPhase;
			buildActionMask = 2147483647;
			files = (
				6188DAFBC8B73825B9405C05 /* Pods_RxSample.framework in Frameworks */,
			);
			runOnlyForDeploymentPostprocessing = 0;
		};
		1800F4BC1DAF3208001E61CA /* Frameworks */ = {
			isa = PBXFrameworksBuildPhase;
			buildActionMask = 2147483647;
			files = (
				ABEBDD286B430EB2C2BED857 /* Pods_RxSampleTests.framework in Frameworks */,
			);
			runOnlyForDeploymentPostprocessing = 0;
		};
		1800F4C71DAF3208001E61CA /* Frameworks */ = {
			isa = PBXFrameworksBuildPhase;
			buildActionMask = 2147483647;
			files = (
				96D230043CB2B16B7C70304B /* Pods_RxSampleUITests.framework in Frameworks */,
			);
			runOnlyForDeploymentPostprocessing = 0;
		};
/* End PBXFrameworksBuildPhase section */

/* Begin PBXGroup section */
		1800F4A21DAF3207001E61CA = {
			isa = PBXGroup;
			children = (
				1800F4AD1DAF3207001E61CA /* RxSample */,
				1800F4C21DAF3208001E61CA /* RxSampleTests */,
				1800F4CD1DAF3208001E61CA /* RxSampleUITests */,
				1800F4AC1DAF3207001E61CA /* Products */,
				C6A26206FF5AD219E042FDDD /* Pods */,
				665F2B72276474617411DB32 /* Frameworks */,
			);
			sourceTree = "<group>";
		};
		1800F4AC1DAF3207001E61CA /* Products */ = {
			isa = PBXGroup;
			children = (
				1800F4AB1DAF3207001E61CA /* RxSample.app */,
				1800F4BF1DAF3208001E61CA /* RxSampleTests.xctest */,
				1800F4CA1DAF3208001E61CA /* RxSampleUITests.xctest */,
			);
			name = Products;
			sourceTree = "<group>";
		};
		1800F4AD1DAF3207001E61CA /* RxSample */ = {
			isa = PBXGroup;
			children = (
				18DB924C1DAF4221005B7EAD /* Models */,
				18DB92491DAF4032005B7EAD /* Views */,
				1800F4DD1DAF34C5001E61CA /* Service */,
				1800F4AE1DAF3207001E61CA /* AppDelegate.swift */,
				1800F4B01DAF3207001E61CA /* ViewController.swift */,
				1800F4B21DAF3207001E61CA /* Main.storyboard */,
				1800F4B51DAF3207001E61CA /* Assets.xcassets */,
				1800F4B71DAF3207001E61CA /* LaunchScreen.storyboard */,
				1800F4BA1DAF3207001E61CA /* Info.plist */,
				1800F4E01DAF363A001E61CA /* Bootstrap.swift */,
				18DB924F1DAF4A47005B7EAD /* WebViewViewController.swift */,
				18DB92501DAF4A47005B7EAD /* WebViewViewController.xib */,
			);
			path = RxSample;
			sourceTree = "<group>";
		};
		1800F4C21DAF3208001E61CA /* RxSampleTests */ = {
			isa = PBXGroup;
			children = (
				1800F4C31DAF3208001E61CA /* RxSampleTests.swift */,
				1800F4C51DAF3208001E61CA /* Info.plist */,
			);
			path = RxSampleTests;
			sourceTree = "<group>";
		};
		1800F4CD1DAF3208001E61CA /* RxSampleUITests */ = {
			isa = PBXGroup;
			children = (
				1800F4CE1DAF3208001E61CA /* RxSampleUITests.swift */,
				1800F4D01DAF3208001E61CA /* Info.plist */,
			);
			path = RxSampleUITests;
			sourceTree = "<group>";
		};
		1800F4DD1DAF34C5001E61CA /* Service */ = {
			isa = PBXGroup;
			children = (
				1800F4DE1DAF34D5001E61CA /* API.swift */,
			);
			name = Service;
			sourceTree = "<group>";
		};
		18DB92491DAF4032005B7EAD /* Views */ = {
			isa = PBXGroup;
			children = (
				18DB924A1DAF4044005B7EAD /* RepoCell.swift */,
			);
			name = Views;
			sourceTree = "<group>";
		};
		18DB924C1DAF4221005B7EAD /* Models */ = {
			isa = PBXGroup;
			children = (
				18DB924D1DAF4233005B7EAD /* Repo.swift */,
			);
			name = Models;
			sourceTree = "<group>";
		};
		665F2B72276474617411DB32 /* Frameworks */ = {
			isa = PBXGroup;
			children = (
				359532BCB6DA5ED9CE548ABA /* Pods_RxSample.framework */,
				17C1C7FD135177F3BE1FA441 /* Pods_RxSampleTests.framework */,
				1654ED987F56CB84DEFFD1E9 /* Pods_RxSampleUITests.framework */,
			);
			name = Frameworks;
			sourceTree = "<group>";
		};
		C6A26206FF5AD219E042FDDD /* Pods */ = {
			isa = PBXGroup;
			children = (
				CE6C4CB1DBAF535FE1D770FA /* Pods-RxSample.debug.xcconfig */,
				6786C79CF53C28E5D27504F7 /* Pods-RxSample.release.xcconfig */,
				DA1E0E812A364CBA5A28EB87 /* Pods-RxSampleTests.debug.xcconfig */,
				38C76558BAF225576172C938 /* Pods-RxSampleTests.release.xcconfig */,
				D4DB9318B5BB03B010954743 /* Pods-RxSampleUITests.debug.xcconfig */,
				39F9EAE561C59EA19A5E0BD7 /* Pods-RxSampleUITests.release.xcconfig */,
			);
			name = Pods;
			sourceTree = "<group>";
		};
/* End PBXGroup section */

/* Begin PBXNativeTarget section */
		1800F4AA1DAF3207001E61CA /* RxSample */ = {
			isa = PBXNativeTarget;
			buildConfigurationList = 1800F4D31DAF3208001E61CA /* Build configuration list for PBXNativeTarget "RxSample" */;
			buildPhases = (
				95DA6373D79D26593C6D4F85 /* [CP] Check Pods Manifest.lock */,
				1800F4A71DAF3207001E61CA /* Sources */,
				1800F4A81DAF3207001E61CA /* Frameworks */,
				1800F4A91DAF3207001E61CA /* Resources */,
				3863B2CC77ED4DC6DAD52C05 /* [CP] Embed Pods Frameworks */,
				60CBA008B2F22FBB60966275 /* [CP] Copy Pods Resources */,
			);
			buildRules = (
			);
			dependencies = (
			);
			name = RxSample;
			productName = RxSample;
			productReference = 1800F4AB1DAF3207001E61CA /* RxSample.app */;
			productType = "com.apple.product-type.application";
		};
		1800F4BE1DAF3208001E61CA /* RxSampleTests */ = {
			isa = PBXNativeTarget;
			buildConfigurationList = 1800F4D61DAF3208001E61CA /* Build configuration list for PBXNativeTarget "RxSampleTests" */;
			buildPhases = (
				034EEB985FD93B327882EDE7 /* [CP] Check Pods Manifest.lock */,
				1800F4BB1DAF3208001E61CA /* Sources */,
				1800F4BC1DAF3208001E61CA /* Frameworks */,
				1800F4BD1DAF3208001E61CA /* Resources */,
				D3E1457BB198E4CD356318D8 /* [CP] Embed Pods Frameworks */,
				9770C26A6757EF35EBC70F8B /* [CP] Copy Pods Resources */,
			);
			buildRules = (
			);
			dependencies = (
				1800F4C11DAF3208001E61CA /* PBXTargetDependency */,
			);
			name = RxSampleTests;
			productName = RxSampleTests;
			productReference = 1800F4BF1DAF3208001E61CA /* RxSampleTests.xctest */;
			productType = "com.apple.product-type.bundle.unit-test";
		};
		1800F4C91DAF3208001E61CA /* RxSampleUITests */ = {
			isa = PBXNativeTarget;
			buildConfigurationList = 1800F4D91DAF3208001E61CA /* Build configuration list for PBXNativeTarget "RxSampleUITests" */;
			buildPhases = (
				42D53591937B75CF3FC23F21 /* [CP] Check Pods Manifest.lock */,
				1800F4C61DAF3208001E61CA /* Sources */,
				1800F4C71DAF3208001E61CA /* Frameworks */,
				1800F4C81DAF3208001E61CA /* Resources */,
				FFAC22952A02B8F1F4505C95 /* [CP] Embed Pods Frameworks */,
				C1DAE0CFFB70F799006CC6D0 /* [CP] Copy Pods Resources */,
			);
			buildRules = (
			);
			dependencies = (
				1800F4CC1DAF3208001E61CA /* PBXTargetDependency */,
			);
			name = RxSampleUITests;
			productName = RxSampleUITests;
			productReference = 1800F4CA1DAF3208001E61CA /* RxSampleUITests.xctest */;
			productType = "com.apple.product-type.bundle.ui-testing";
		};
/* End PBXNativeTarget section */

/* Begin PBXProject section */
		1800F4A31DAF3207001E61CA /* Project object */ = {
			isa = PBXProject;
			attributes = {
				LastSwiftUpdateCheck = 0800;
				LastUpgradeCheck = 0800;
				ORGANIZATIONNAME = CapsLock;
				TargetAttributes = {
					1800F4AA1DAF3207001E61CA = {
						CreatedOnToolsVersion = 8.0;
						DevelopmentTeam = ZT2WJ442QP;
						ProvisioningStyle = Automatic;
					};
					1800F4BE1DAF3208001E61CA = {
						CreatedOnToolsVersion = 8.0;
						DevelopmentTeam = ZT2WJ442QP;
						ProvisioningStyle = Automatic;
						TestTargetID = 1800F4AA1DAF3207001E61CA;
					};
					1800F4C91DAF3208001E61CA = {
						CreatedOnToolsVersion = 8.0;
						DevelopmentTeam = ZT2WJ442QP;
						ProvisioningStyle = Automatic;
						TestTargetID = 1800F4AA1DAF3207001E61CA;
					};
				};
			};
			buildConfigurationList = 1800F4A61DAF3207001E61CA /* Build configuration list for PBXProject "RxSample" */;
			compatibilityVersion = "Xcode 3.2";
			developmentRegion = English;
			hasScannedForEncodings = 0;
			knownRegions = (
				en,
				Base,
			);
			mainGroup = 1800F4A21DAF3207001E61CA;
			productRefGroup = 1800F4AC1DAF3207001E61CA /* Products */;
			projectDirPath = "";
			projectRoot = "";
			targets = (
				1800F4AA1DAF3207001E61CA /* RxSample */,
				1800F4BE1DAF3208001E61CA /* RxSampleTests */,
				1800F4C91DAF3208001E61CA /* RxSampleUITests */,
			);
		};
/* End PBXProject section */

/* Begin PBXResourcesBuildPhase section */
		1800F4A91DAF3207001E61CA /* Resources */ = {
			isa = PBXResourcesBuildPhase;
			buildActionMask = 2147483647;
			files = (
				1800F4B91DAF3207001E61CA /* LaunchScreen.storyboard in Resources */,
				1800F4B61DAF3207001E61CA /* Assets.xcassets in Resources */,
				18DB92521DAF4A47005B7EAD /* WebViewViewController.xib in Resources */,
				1800F4B41DAF3207001E61CA /* Main.storyboard in Resources */,
			);
			runOnlyForDeploymentPostprocessing = 0;
		};
		1800F4BD1DAF3208001E61CA /* Resources */ = {
			isa = PBXResourcesBuildPhase;
			buildActionMask = 2147483647;
			files = (
			);
			runOnlyForDeploymentPostprocessing = 0;
		};
		1800F4C81DAF3208001E61CA /* Resources */ = {
			isa = PBXResourcesBuildPhase;
			buildActionMask = 2147483647;
			files = (
			);
			runOnlyForDeploymentPostprocessing = 0;
		};
/* End PBXResourcesBuildPhase section */

/* Begin PBXShellScriptBuildPhase section */
		034EEB985FD93B327882EDE7 /* [CP] Check Pods Manifest.lock */ = {
			isa = PBXShellScriptBuildPhase;
			buildActionMask = 2147483647;
			files = (
			);
			inputPaths = (
			);
			name = "[CP] Check Pods Manifest.lock";
			outputPaths = (
			);
			runOnlyForDeploymentPostprocessing = 0;
			shellPath = /bin/sh;
			shellScript = "diff \"${PODS_ROOT}/../Podfile.lock\" \"${PODS_ROOT}/Manifest.lock\" > /dev/null\nif [ $? != 0 ] ; then\n    # print error to STDERR\n    echo \"error: The sandbox is not in sync with the Podfile.lock. Run 'pod install' or update your CocoaPods installation.\" >&2\n    exit 1\nfi\n";
			showEnvVarsInLog = 0;
		};
		3863B2CC77ED4DC6DAD52C05 /* [CP] Embed Pods Frameworks */ = {
			isa = PBXShellScriptBuildPhase;
			buildActionMask = 2147483647;
			files = (
			);
			inputPaths = (
			);
			name = "[CP] Embed Pods Frameworks";
			outputPaths = (
			);
			runOnlyForDeploymentPostprocessing = 0;
			shellPath = /bin/sh;
			shellScript = "\"${SRCROOT}/Pods/Target Support Files/Pods-RxSample/Pods-RxSample-frameworks.sh\"\n";
			showEnvVarsInLog = 0;
		};
		42D53591937B75CF3FC23F21 /* [CP] Check Pods Manifest.lock */ = {
			isa = PBXShellScriptBuildPhase;
			buildActionMask = 2147483647;
			files = (
			);
			inputPaths = (
			);
			name = "[CP] Check Pods Manifest.lock";
			outputPaths = (
			);
			runOnlyForDeploymentPostprocessing = 0;
			shellPath = /bin/sh;
			shellScript = "diff \"${PODS_ROOT}/../Podfile.lock\" \"${PODS_ROOT}/Manifest.lock\" > /dev/null\nif [ $? != 0 ] ; then\n    # print error to STDERR\n    echo \"error: The sandbox is not in sync with the Podfile.lock. Run 'pod install' or update your CocoaPods installation.\" >&2\n    exit 1\nfi\n";
			showEnvVarsInLog = 0;
		};
		60CBA008B2F22FBB60966275 /* [CP] Copy Pods Resources */ = {
			isa = PBXShellScriptBuildPhase;
			buildActionMask = 2147483647;
			files = (
			);
			inputPaths = (
			);
			name = "[CP] Copy Pods Resources";
			outputPaths = (
			);
			runOnlyForDeploymentPostprocessing = 0;
			shellPath = /bin/sh;
			shellScript = "\"${SRCROOT}/Pods/Target Support Files/Pods-RxSample/Pods-RxSample-resources.sh\"\n";
			showEnvVarsInLog = 0;
		};
		95DA6373D79D26593C6D4F85 /* [CP] Check Pods Manifest.lock */ = {
			isa = PBXShellScriptBuildPhase;
			buildActionMask = 2147483647;
			files = (
			);
			inputPaths = (
			);
			name = "[CP] Check Pods Manifest.lock";
			outputPaths = (
			);
			runOnlyForDeploymentPostprocessing = 0;
			shellPath = /bin/sh;
			shellScript = "diff \"${PODS_ROOT}/../Podfile.lock\" \"${PODS_ROOT}/Manifest.lock\" > /dev/null\nif [ $? != 0 ] ; then\n    # print error to STDERR\n    echo \"error: The sandbox is not in sync with the Podfile.lock. Run 'pod install' or update your CocoaPods installation.\" >&2\n    exit 1\nfi\n";
			showEnvVarsInLog = 0;
		};
		9770C26A6757EF35EBC70F8B /* [CP] Copy Pods Resources */ = {
			isa = PBXShellScriptBuildPhase;
			buildActionMask = 2147483647;
			files = (
			);
			inputPaths = (
			);
			name = "[CP] Copy Pods Resources";
			outputPaths = (
			);
			runOnlyForDeploymentPostprocessing = 0;
			shellPath = /bin/sh;
			shellScript = "\"${SRCROOT}/Pods/Target Support Files/Pods-RxSampleTests/Pods-RxSampleTests-resources.sh\"\n";
			showEnvVarsInLog = 0;
		};
		C1DAE0CFFB70F799006CC6D0 /* [CP] Copy Pods Resources */ = {
			isa = PBXShellScriptBuildPhase;
			buildActionMask = 2147483647;
			files = (
			);
			inputPaths = (
			);
			name = "[CP] Copy Pods Resources";
			outputPaths = (
			);
			runOnlyForDeploymentPostprocessing = 0;
			shellPath = /bin/sh;
			shellScript = "\"${SRCROOT}/Pods/Target Support Files/Pods-RxSampleUITests/Pods-RxSampleUITests-resources.sh\"\n";
			showEnvVarsInLog = 0;
		};
		D3E1457BB198E4CD356318D8 /* [CP] Embed Pods Frameworks */ = {
			isa = PBXShellScriptBuildPhase;
			buildActionMask = 2147483647;
			files = (
			);
			inputPaths = (
			);
			name = "[CP] Embed Pods Frameworks";
			outputPaths = (
			);
			runOnlyForDeploymentPostprocessing = 0;
			shellPath = /bin/sh;
			shellScript = "\"${SRCROOT}/Pods/Target Support Files/Pods-RxSampleTests/Pods-RxSampleTests-frameworks.sh\"\n";
			showEnvVarsInLog = 0;
		};
		FFAC22952A02B8F1F4505C95 /* [CP] Embed Pods Frameworks */ = {
			isa = PBXShellScriptBuildPhase;
			buildActionMask = 2147483647;
			files = (
			);
			inputPaths = (
			);
			name = "[CP] Embed Pods Frameworks";
			outputPaths = (
			);
			runOnlyForDeploymentPostprocessing = 0;
			shellPath = /bin/sh;
			shellScript = "\"${SRCROOT}/Pods/Target Support Files/Pods-RxSampleUITests/Pods-RxSampleUITests-frameworks.sh\"\n";
			showEnvVarsInLog = 0;
		};
/* End PBXShellScriptBuildPhase section */

/* Begin PBXSourcesBuildPhase section */
		1800F4A71DAF3207001E61CA /* Sources */ = {
			isa = PBXSourcesBuildPhase;
			buildActionMask = 2147483647;
			files = (
				18DB92511DAF4A47005B7EAD /* WebViewViewController.swift in Sources */,
				18DB924B1DAF4044005B7EAD /* RepoCell.swift in Sources */,
				1800F4E11DAF363A001E61CA /* Bootstrap.swift in Sources */,
				1800F4B11DAF3207001E61CA /* ViewController.swift in Sources */,
				1800F4DF1DAF34D5001E61CA /* API.swift in Sources */,
				1800F4AF1DAF3207001E61CA /* AppDelegate.swift in Sources */,
				18DB924E1DAF4233005B7EAD /* Repo.swift in Sources */,
			);
			runOnlyForDeploymentPostprocessing = 0;
		};
		1800F4BB1DAF3208001E61CA /* Sources */ = {
			isa = PBXSourcesBuildPhase;
			buildActionMask = 2147483647;
			files = (
				1800F4C41DAF3208001E61CA /* RxSampleTests.swift in Sources */,
			);
			runOnlyForDeploymentPostprocessing = 0;
		};
		1800F4C61DAF3208001E61CA /* Sources */ = {
			isa = PBXSourcesBuildPhase;
			buildActionMask = 2147483647;
			files = (
				1800F4CF1DAF3208001E61CA /* RxSampleUITests.swift in Sources */,
			);
			runOnlyForDeploymentPostprocessing = 0;
		};
/* End PBXSourcesBuildPhase section */

/* Begin PBXTargetDependency section */
		1800F4C11DAF3208001E61CA /* PBXTargetDependency */ = {
			isa = PBXTargetDependency;
			target = 1800F4AA1DAF3207001E61CA /* RxSample */;
			targetProxy = 1800F4C01DAF3208001E61CA /* PBXContainerItemProxy */;
		};
		1800F4CC1DAF3208001E61CA /* PBXTargetDependency */ = {
			isa = PBXTargetDependency;
			target = 1800F4AA1DAF3207001E61CA /* RxSample */;
			targetProxy = 1800F4CB1DAF3208001E61CA /* PBXContainerItemProxy */;
		};
/* End PBXTargetDependency section */

/* Begin PBXVariantGroup section */
		1800F4B21DAF3207001E61CA /* Main.storyboard */ = {
			isa = PBXVariantGroup;
			children = (
				1800F4B31DAF3207001E61CA /* Base */,
			);
			name = Main.storyboard;
			sourceTree = "<group>";
		};
		1800F4B71DAF3207001E61CA /* LaunchScreen.storyboard */ = {
			isa = PBXVariantGroup;
			children = (
				1800F4B81DAF3207001E61CA /* Base */,
			);
			name = LaunchScreen.storyboard;
			sourceTree = "<group>";
		};
/* End PBXVariantGroup section */

/* Begin XCBuildConfiguration section */
		1800F4D11DAF3208001E61CA /* Debug */ = {
			isa = XCBuildConfiguration;
			buildSettings = {
				ALWAYS_SEARCH_USER_PATHS = NO;
				CLANG_ANALYZER_NONNULL = YES;
				CLANG_CXX_LANGUAGE_STANDARD = "gnu++0x";
				CLANG_CXX_LIBRARY = "libc++";
				CLANG_ENABLE_MODULES = YES;
				CLANG_ENABLE_OBJC_ARC = YES;
				CLANG_WARN_BOOL_CONVERSION = YES;
				CLANG_WARN_CONSTANT_CONVERSION = YES;
				CLANG_WARN_DIRECT_OBJC_ISA_USAGE = YES_ERROR;
				CLANG_WARN_DOCUMENTATION_COMMENTS = YES;
				CLANG_WARN_EMPTY_BODY = YES;
				CLANG_WARN_ENUM_CONVERSION = YES;
				CLANG_WARN_INFINITE_RECURSION = YES;
				CLANG_WARN_INT_CONVERSION = YES;
				CLANG_WARN_OBJC_ROOT_CLASS = YES_ERROR;
				CLANG_WARN_SUSPICIOUS_MOVE = YES;
				CLANG_WARN_SUSPICIOUS_MOVES = YES;
				CLANG_WARN_UNREACHABLE_CODE = YES;
				CLANG_WARN__DUPLICATE_METHOD_MATCH = YES;
				"CODE_SIGN_IDENTITY[sdk=iphoneos*]" = "iPhone Developer";
				COPY_PHASE_STRIP = NO;
				DEBUG_INFORMATION_FORMAT = dwarf;
				ENABLE_STRICT_OBJC_MSGSEND = YES;
				ENABLE_TESTABILITY = YES;
				GCC_C_LANGUAGE_STANDARD = gnu99;
				GCC_DYNAMIC_NO_PIC = NO;
				GCC_NO_COMMON_BLOCKS = YES;
				GCC_OPTIMIZATION_LEVEL = 0;
				GCC_PREPROCESSOR_DEFINITIONS = (
					"DEBUG=1",
					"$(inherited)",
				);
				GCC_WARN_64_TO_32_BIT_CONVERSION = YES;
				GCC_WARN_ABOUT_RETURN_TYPE = YES_ERROR;
				GCC_WARN_UNDECLARED_SELECTOR = YES;
				GCC_WARN_UNINITIALIZED_AUTOS = YES_AGGRESSIVE;
				GCC_WARN_UNUSED_FUNCTION = YES;
				GCC_WARN_UNUSED_VARIABLE = YES;
				IPHONEOS_DEPLOYMENT_TARGET = 10.0;
				MTL_ENABLE_DEBUG_INFO = YES;
				ONLY_ACTIVE_ARCH = YES;
				SDKROOT = iphoneos;
				SWIFT_ACTIVE_COMPILATION_CONDITIONS = DEBUG;
				SWIFT_OPTIMIZATION_LEVEL = "-Onone";
			};
			name = Debug;
		};
		1800F4D21DAF3208001E61CA /* Release */ = {
			isa = XCBuildConfiguration;
			buildSettings = {
				ALWAYS_SEARCH_USER_PATHS = NO;
				CLANG_ANALYZER_NONNULL = YES;
				CLANG_CXX_LANGUAGE_STANDARD = "gnu++0x";
				CLANG_CXX_LIBRARY = "libc++";
				CLANG_ENABLE_MODULES = YES;
				CLANG_ENABLE_OBJC_ARC = YES;
				CLANG_WARN_BOOL_CONVERSION = YES;
				CLANG_WARN_CONSTANT_CONVERSION = YES;
				CLANG_WARN_DIRECT_OBJC_ISA_USAGE = YES_ERROR;
				CLANG_WARN_DOCUMENTATION_COMMENTS = YES;
				CLANG_WARN_EMPTY_BODY = YES;
				CLANG_WARN_ENUM_CONVERSION = YES;
				CLANG_WARN_INFINITE_RECURSION = YES;
				CLANG_WARN_INT_CONVERSION = YES;
				CLANG_WARN_OBJC_ROOT_CLASS = YES_ERROR;
				CLANG_WARN_SUSPICIOUS_MOVE = YES;
				CLANG_WARN_SUSPICIOUS_MOVES = YES;
				CLANG_WARN_UNREACHABLE_CODE = YES;
				CLANG_WARN__DUPLICATE_METHOD_MATCH = YES;
				"CODE_SIGN_IDENTITY[sdk=iphoneos*]" = "iPhone Developer";
				COPY_PHASE_STRIP = NO;
				DEBUG_INFORMATION_FORMAT = "dwarf-with-dsym";
				ENABLE_NS_ASSERTIONS = NO;
				ENABLE_STRICT_OBJC_MSGSEND = YES;
				GCC_C_LANGUAGE_STANDARD = gnu99;
				GCC_NO_COMMON_BLOCKS = YES;
				GCC_WARN_64_TO_32_BIT_CONVERSION = YES;
				GCC_WARN_ABOUT_RETURN_TYPE = YES_ERROR;
				GCC_WARN_UNDECLARED_SELECTOR = YES;
				GCC_WARN_UNINITIALIZED_AUTOS = YES_AGGRESSIVE;
				GCC_WARN_UNUSED_FUNCTION = YES;
				GCC_WARN_UNUSED_VARIABLE = YES;
				IPHONEOS_DEPLOYMENT_TARGET = 10.0;
				MTL_ENABLE_DEBUG_INFO = NO;
				SDKROOT = iphoneos;
				SWIFT_OPTIMIZATION_LEVEL = "-Owholemodule";
				VALIDATE_PRODUCT = YES;
			};
			name = Release;
		};
		1800F4D41DAF3208001E61CA /* Debug */ = {
			isa = XCBuildConfiguration;
			baseConfigurationReference = CE6C4CB1DBAF535FE1D770FA /* Pods-RxSample.debug.xcconfig */;
			buildSettings = {
				ALWAYS_EMBED_SWIFT_STANDARD_LIBRARIES = "$(inherited)";
				ASSETCATALOG_COMPILER_APPICON_NAME = AppIcon;
				DEVELOPMENT_TEAM = ZT2WJ442QP;
				INFOPLIST_FILE = RxSample/Info.plist;
				LD_RUNPATH_SEARCH_PATHS = "$(inherited) @executable_path/Frameworks";
				PRODUCT_BUNDLE_IDENTIFIER = org.capslock.RxSample;
				PRODUCT_NAME = "$(TARGET_NAME)";
				SWIFT_VERSION = 3.0;
			};
			name = Debug;
		};
		1800F4D51DAF3208001E61CA /* Release */ = {
			isa = XCBuildConfiguration;
			baseConfigurationReference = 6786C79CF53C28E5D27504F7 /* Pods-RxSample.release.xcconfig */;
			buildSettings = {
				ALWAYS_EMBED_SWIFT_STANDARD_LIBRARIES = "$(inherited)";
				ASSETCATALOG_COMPILER_APPICON_NAME = AppIcon;
				DEVELOPMENT_TEAM = ZT2WJ442QP;
				INFOPLIST_FILE = RxSample/Info.plist;
				LD_RUNPATH_SEARCH_PATHS = "$(inherited) @executable_path/Frameworks";
				PRODUCT_BUNDLE_IDENTIFIER = org.capslock.RxSample;
				PRODUCT_NAME = "$(TARGET_NAME)";
				SWIFT_VERSION = 3.0;
			};
			name = Release;
		};
		1800F4D71DAF3208001E61CA /* Debug */ = {
			isa = XCBuildConfiguration;
			baseConfigurationReference = DA1E0E812A364CBA5A28EB87 /* Pods-RxSampleTests.debug.xcconfig */;
			buildSettings = {
				ALWAYS_EMBED_SWIFT_STANDARD_LIBRARIES = "$(inherited)";
				BUNDLE_LOADER = "$(TEST_HOST)";
				DEVELOPMENT_TEAM = ZT2WJ442QP;
				INFOPLIST_FILE = RxSampleTests/Info.plist;
				LD_RUNPATH_SEARCH_PATHS = "$(inherited) @executable_path/Frameworks @loader_path/Frameworks";
				PRODUCT_BUNDLE_IDENTIFIER = org.capslock.RxSampleTests;
				PRODUCT_NAME = "$(TARGET_NAME)";
				SWIFT_VERSION = 3.0;
				TEST_HOST = "$(BUILT_PRODUCTS_DIR)/RxSample.app/RxSample";
			};
			name = Debug;
		};
		1800F4D81DAF3208001E61CA /* Release */ = {
			isa = XCBuildConfiguration;
			baseConfigurationReference = 38C76558BAF225576172C938 /* Pods-RxSampleTests.release.xcconfig */;
			buildSettings = {
				ALWAYS_EMBED_SWIFT_STANDARD_LIBRARIES = "$(inherited)";
				BUNDLE_LOADER = "$(TEST_HOST)";
				DEVELOPMENT_TEAM = ZT2WJ442QP;
				INFOPLIST_FILE = RxSampleTests/Info.plist;
				LD_RUNPATH_SEARCH_PATHS = "$(inherited) @executable_path/Frameworks @loader_path/Frameworks";
				PRODUCT_BUNDLE_IDENTIFIER = org.capslock.RxSampleTests;
				PRODUCT_NAME = "$(TARGET_NAME)";
				SWIFT_VERSION = 3.0;
				TEST_HOST = "$(BUILT_PRODUCTS_DIR)/RxSample.app/RxSample";
			};
			name = Release;
		};
		1800F4DA1DAF3208001E61CA /* Debug */ = {
			isa = XCBuildConfiguration;
			baseConfigurationReference = D4DB9318B5BB03B010954743 /* Pods-RxSampleUITests.debug.xcconfig */;
			buildSettings = {
				ALWAYS_EMBED_SWIFT_STANDARD_LIBRARIES = "$(inherited)";
				DEVELOPMENT_TEAM = ZT2WJ442QP;
				INFOPLIST_FILE = RxSampleUITests/Info.plist;
				LD_RUNPATH_SEARCH_PATHS = "$(inherited) @executable_path/Frameworks @loader_path/Frameworks";
				PRODUCT_BUNDLE_IDENTIFIER = org.capslock.RxSampleUITests;
				PRODUCT_NAME = "$(TARGET_NAME)";
				SWIFT_VERSION = 3.0;
				TEST_TARGET_NAME = RxSample;
			};
			name = Debug;
		};
		1800F4DB1DAF3208001E61CA /* Release */ = {
			isa = XCBuildConfiguration;
			baseConfigurationReference = 39F9EAE561C59EA19A5E0BD7 /* Pods-RxSampleUITests.release.xcconfig */;
			buildSettings = {
				ALWAYS_EMBED_SWIFT_STANDARD_LIBRARIES = "$(inherited)";
				DEVELOPMENT_TEAM = ZT2WJ442QP;
				INFOPLIST_FILE = RxSampleUITests/Info.plist;
				LD_RUNPATH_SEARCH_PATHS = "$(inherited) @executable_path/Frameworks @loader_path/Frameworks";
				PRODUCT_BUNDLE_IDENTIFIER = org.capslock.RxSampleUITests;
				PRODUCT_NAME = "$(TARGET_NAME)";
				SWIFT_VERSION = 3.0;
				TEST_TARGET_NAME = RxSample;
			};
			name = Release;
		};
/* End XCBuildConfiguration section */

/* Begin XCConfigurationList section */
		1800F4A61DAF3207001E61CA /* Build configuration list for PBXProject "RxSample" */ = {
			isa = XCConfigurationList;
			buildConfigurations = (
				1800F4D11DAF3208001E61CA /* Debug */,
				1800F4D21DAF3208001E61CA /* Release */,
			);
			defaultConfigurationIsVisible = 0;
			defaultConfigurationName = Release;
		};
		1800F4D31DAF3208001E61CA /* Build configuration list for PBXNativeTarget "RxSample" */ = {
			isa = XCConfigurationList;
			buildConfigurations = (
				1800F4D41DAF3208001E61CA /* Debug */,
				1800F4D51DAF3208001E61CA /* Release */,
			);
			defaultConfigurationIsVisible = 0;
			defaultConfigurationName = Release;
		};
		1800F4D61DAF3208001E61CA /* Build configuration list for PBXNativeTarget "RxSampleTests" */ = {
			isa = XCConfigurationList;
			buildConfigurations = (
				1800F4D71DAF3208001E61CA /* Debug */,
				1800F4D81DAF3208001E61CA /* Release */,
			);
			defaultConfigurationIsVisible = 0;
			defaultConfigurationName = Release;
		};
		1800F4D91DAF3208001E61CA /* Build configuration list for PBXNativeTarget "RxSampleUITests" */ = {
			isa = XCConfigurationList;
			buildConfigurations = (
				1800F4DA1DAF3208001E61CA /* Debug */,
				1800F4DB1DAF3208001E61CA /* Release */,
			);
			defaultConfigurationIsVisible = 0;
			defaultConfigurationName = Release;
		};
/* End XCConfigurationList section */
	};
	rootObject = 1800F4A31DAF3207001E61CA /* Project object */;
}
